
Microsoft Visual Studio Solution File, Format Version 12.00
# Visual Studio Version 16
VisualStudioVersion = 16.0.30114.105
MinimumVisualStudioVersion = 10.0.40219.1
Project("{FAE04EC0-301F-11D3-BF4B-00C04F79EFBC}") = "SpaceBattle.Lib", "SpaceBattle.Lib\SpaceBattle.Lib.csproj", "{A50D2C63-D136-449F-9089-5F4C90BBEA48}"
EndProject
Project("{FAE04EC0-301F-11D3-BF4B-00C04F79EFBC}") = "SpaceBattle.Lib.Test", "SpaceBattle.Lib.Test\SpaceBattle.Lib.Test.csproj", "{77A031B0-FCF8-4AF8-BDC4-FB0B295DE7C8}"
EndProject
Global
	GlobalSection(SolutionConfigurationPlatforms) = preSolution
		Debug|Any CPU = Debug|Any CPU
		Release|Any CPU = Release|Any CPU
	EndGlobalSection
	GlobalSection(SolutionProperties) = preSolution
		HideSolutionNode = FALSE
	EndGlobalSection
	GlobalSection(ProjectConfigurationPlatforms) = postSolution
		{A50D2C63-D136-449F-9089-5F4C90BBEA48}.Debug|Any CPU.ActiveCfg = Debug|Any CPU
		{A50D2C63-D136-449F-9089-5F4C90BBEA48}.Debug|Any CPU.Build.0 = Debug|Any CPU
		{A50D2C63-D136-449F-9089-5F4C90BBEA48}.Release|Any CPU.ActiveCfg = Release|Any CPU
		{A50D2C63-D136-449F-9089-5F4C90BBEA48}.Release|Any CPU.Build.0 = Release|Any CPU
		{77A031B0-FCF8-4AF8-BDC4-FB0B295DE7C8}.Debug|Any CPU.ActiveCfg = Debug|Any CPU
		{77A031B0-FCF8-4AF8-BDC4-FB0B295DE7C8}.Debug|Any CPU.Build.0 = Debug|Any CPU
		{77A031B0-FCF8-4AF8-BDC4-FB0B295DE7C8}.Release|Any CPU.ActiveCfg = Release|Any CPU
		{77A031B0-FCF8-4AF8-BDC4-FB0B295DE7C8}.Release|Any CPU.Build.0 = Release|Any CPU
	EndGlobalSection
EndGlobal
